
Microsoft Visual Studio Solution File, Format Version 12.00
# Visual Studio 15
VisualStudioVersion = 15.0.27130.2036
MinimumVisualStudioVersion = 10.0.40219.1
Project("{FAE04EC0-301F-11D3-BF4B-00C04F79EFBC}") = "SolitaireBCL", "SolitaireBCL\SolitaireBCL.csproj", "{37FBA65E-2610-4350-85DB-3C50D90D2174}"
EndProject
Project("{FAE04EC0-301F-11D3-BF4B-00C04F79EFBC}") = "SolitaireBCL.Tests", "SolitaireBCL.Tests\SolitaireBCL.Tests.csproj", "{F2C5E52B-610E-402A-86A7-0EE87D874FB7}"
EndProject
Global
	GlobalSection(SolutionConfigurationPlatforms) = preSolution
		Debug|Any CPU = Debug|Any CPU
		Release|Any CPU = Release|Any CPU
	EndGlobalSection
	GlobalSection(ProjectConfigurationPlatforms) = postSolution
		{37FBA65E-2610-4350-85DB-3C50D90D2174}.Debug|Any CPU.ActiveCfg = Debug|Any CPU
		{37FBA65E-2610-4350-85DB-3C50D90D2174}.Debug|Any CPU.Build.0 = Debug|Any CPU
		{37FBA65E-2610-4350-85DB-3C50D90D2174}.Release|Any CPU.ActiveCfg = Release|Any CPU
		{37FBA65E-2610-4350-85DB-3C50D90D2174}.Release|Any CPU.Build.0 = Release|Any CPU
		{F2C5E52B-610E-402A-86A7-0EE87D874FB7}.Debug|Any CPU.ActiveCfg = Debug|Any CPU
		{F2C5E52B-610E-402A-86A7-0EE87D874FB7}.Debug|Any CPU.Build.0 = Debug|Any CPU
		{F2C5E52B-610E-402A-86A7-0EE87D874FB7}.Release|Any CPU.ActiveCfg = Release|Any CPU
		{F2C5E52B-610E-402A-86A7-0EE87D874FB7}.Release|Any CPU.Build.0 = Release|Any CPU
	EndGlobalSection
	GlobalSection(SolutionProperties) = preSolution
		HideSolutionNode = FALSE
	EndGlobalSection
	GlobalSection(ExtensibilityGlobals) = postSolution
		SolutionGuid = {D1CF7F6B-FC66-41D3-ADEC-2FCBE6698370}
	EndGlobalSection
EndGlobal
